
Microsoft Visual Studio Solution File, Format Version 12.00
# Visual Studio Version 17
VisualStudioVersion = 17.4.33122.133
MinimumVisualStudioVersion = 10.0.40219.1
Project("{FAE04EC0-301F-11D3-BF4B-00C04F79EFBC}") = "ConsoleDirectoryInfo", "ConsoleDirectoryInfo\ConsoleDirectoryInfo.csproj", "{15A3FF2C-9276-4E00-9849-E07A64AAEEA4}"
EndProject
Global
	GlobalSection(SolutionConfigurationPlatforms) = preSolution
		Debug|Any CPU = Debug|Any CPU
		Release|Any CPU = Release|Any CPU
	EndGlobalSection
	GlobalSection(ProjectConfigurationPlatforms) = postSolution
		{15A3FF2C-9276-4E00-9849-E07A64AAEEA4}.Debug|Any CPU.ActiveCfg = Debug|Any CPU
		{15A3FF2C-9276-4E00-9849-E07A64AAEEA4}.Debug|Any CPU.Build.0 = Debug|Any CPU
		{15A3FF2C-9276-4E00-9849-E07A64AAEEA4}.Release|Any CPU.ActiveCfg = Release|Any CPU
		{15A3FF2C-9276-4E00-9849-E07A64AAEEA4}.Release|Any CPU.Build.0 = Release|Any CPU
	EndGlobalSection
	GlobalSection(SolutionProperties) = preSolution
		HideSolutionNode = FALSE
	EndGlobalSection
	GlobalSection(ExtensibilityGlobals) = postSolution
		SolutionGuid = {32FD9241-8AA1-4D33-BF51-A8B8D36EFD25}
	EndGlobalSection
EndGlobal
